
Microsoft Visual Studio Solution File, Format Version 12.00
# Visual Studio 15
VisualStudioVersion = 15.0.27130.2010
MinimumVisualStudioVersion = 10.0.40219.1
Project("{9A19103F-16F7-4668-BE54-9A1E7A4F7556}") = "utils", "utils.csproj", "{7297B5DD-E6C2-4522-A7AF-5524078F48E4}"
EndProject
Project("{FAE04EC0-301F-11D3-BF4B-00C04F79EFBC}") = "server", "..\blockchain2\server.csproj", "{72162FEF-B144-46FF-90C2-99606BA16994}"
EndProject
Project("{FAE04EC0-301F-11D3-BF4B-00C04F79EFBC}") = "wallet", "..\blockchainUtils\wallet.csproj", "{2DEBCB9C-05CB-45BA-8BEF-EB1337EB7822}"
EndProject
Global
	GlobalSection(SolutionConfigurationPlatforms) = preSolution
		Debug|Any CPU = Debug|Any CPU
		Release|Any CPU = Release|Any CPU
	EndGlobalSection
	GlobalSection(ProjectConfigurationPlatforms) = postSolution
		{7297B5DD-E6C2-4522-A7AF-5524078F48E4}.Debug|Any CPU.ActiveCfg = Debug|Any CPU
		{7297B5DD-E6C2-4522-A7AF-5524078F48E4}.Debug|Any CPU.Build.0 = Debug|Any CPU
		{7297B5DD-E6C2-4522-A7AF-5524078F48E4}.Release|Any CPU.ActiveCfg = Release|Any CPU
		{7297B5DD-E6C2-4522-A7AF-5524078F48E4}.Release|Any CPU.Build.0 = Release|Any CPU
		{72162FEF-B144-46FF-90C2-99606BA16994}.Debug|Any CPU.ActiveCfg = Debug|Any CPU
		{72162FEF-B144-46FF-90C2-99606BA16994}.Debug|Any CPU.Build.0 = Debug|Any CPU
		{72162FEF-B144-46FF-90C2-99606BA16994}.Release|Any CPU.ActiveCfg = Release|Any CPU
		{72162FEF-B144-46FF-90C2-99606BA16994}.Release|Any CPU.Build.0 = Release|Any CPU
		{2DEBCB9C-05CB-45BA-8BEF-EB1337EB7822}.Debug|Any CPU.ActiveCfg = Debug|Any CPU
		{2DEBCB9C-05CB-45BA-8BEF-EB1337EB7822}.Debug|Any CPU.Build.0 = Debug|Any CPU
		{2DEBCB9C-05CB-45BA-8BEF-EB1337EB7822}.Release|Any CPU.ActiveCfg = Release|Any CPU
		{2DEBCB9C-05CB-45BA-8BEF-EB1337EB7822}.Release|Any CPU.Build.0 = Release|Any CPU
	EndGlobalSection
	GlobalSection(SolutionProperties) = preSolution
		HideSolutionNode = FALSE
	EndGlobalSection
	GlobalSection(ExtensibilityGlobals) = postSolution
		SolutionGuid = {0324B9CC-9865-43A2-BCE0-B188AE5A59A6}
	EndGlobalSection
EndGlobal
